
Microsoft Visual Studio Solution File, Format Version 12.00
# Visual Studio Version 17
VisualStudioVersion = 17.8.34330.188
MinimumVisualStudioVersion = 10.0.40219.1
Project("{FAE04EC0-301F-11D3-BF4B-00C04F79EFBC}") = "GroupBWebshop", "GroupBWebshop\GroupBWebshop.csproj", "{2ED0B284-3786-4D96-8D19-3E485AD9F852}"
EndProject
Global
	GlobalSection(SolutionConfigurationPlatforms) = preSolution
		Debug|Any CPU = Debug|Any CPU
		Release|Any CPU = Release|Any CPU
	EndGlobalSection
	GlobalSection(ProjectConfigurationPlatforms) = postSolution
		{2ED0B284-3786-4D96-8D19-3E485AD9F852}.Debug|Any CPU.ActiveCfg = Debug|Any CPU
		{2ED0B284-3786-4D96-8D19-3E485AD9F852}.Debug|Any CPU.Build.0 = Debug|Any CPU
		{2ED0B284-3786-4D96-8D19-3E485AD9F852}.Release|Any CPU.ActiveCfg = Release|Any CPU
		{2ED0B284-3786-4D96-8D19-3E485AD9F852}.Release|Any CPU.Build.0 = Release|Any CPU
	EndGlobalSection
	GlobalSection(SolutionProperties) = preSolution
		HideSolutionNode = FALSE
	EndGlobalSection
	GlobalSection(ExtensibilityGlobals) = postSolution
		SolutionGuid = {51B1139B-B9E6-4D64-B01F-2C4DDE4BFA66}
	EndGlobalSection
EndGlobal
